// !$*UTF8*$!
{
	archiveVersion = 1;
	classes = {
	};
	objectVersion = 50;
	objects = {

/* Begin PBXBuildFile section */
		413623542254AD6D007668B3 /* Cup.h in Sources */ = {isa = PBXBuildFile; fileRef = 4136231C2251AA33007668B3 /* Cup.h */; };
		413623552254AD6D007668B3 /* Cup.cpp in Sources */ = {isa = PBXBuildFile; fileRef = 4136233D225455B8007668B3 /* Cup.cpp */; };
		413623582254AE38007668B3 /* Config.h in Sources */ = {isa = PBXBuildFile; fileRef = 413623262251AD57007668B3 /* Config.h */; };
		413623592254AE4A007668B3 /* Hand.h in Sources */ = {isa = PBXBuildFile; fileRef = 413623192251AA14007668B3 /* Hand.h */; };
		4136235A2254AE4A007668B3 /* Hand.cpp in Sources */ = {isa = PBXBuildFile; fileRef = 4136231D2251AA4D007668B3 /* Hand.cpp */; };
		4136235B2254AE4A007668B3 /* Arm.h in Sources */ = {isa = PBXBuildFile; fileRef = 4136231A2251AA1D007668B3 /* Arm.h */; };
		4136235C2254AE4A007668B3 /* Arm.cpp in Sources */ = {isa = PBXBuildFile; fileRef = 413623242251AADA007668B3 /* Arm.cpp */; };
		4136235D2254AE4A007668B3 /* ControlSystem.h in Sources */ = {isa = PBXBuildFile; fileRef = 4136231B2251AA2A007668B3 /* ControlSystem.h */; };
		4136235E2254AE4A007668B3 /* ControlSystem.cpp in Sources */ = {isa = PBXBuildFile; fileRef = 413623222251AA86007668B3 /* ControlSystem.cpp */; };
		4136235F2254AE4A007668B3 /* keypoint.h in Sources */ = {isa = PBXBuildFile; fileRef = 413623272251AFD5007668B3 /* keypoint.h */; };
		413623602254AE50007668B3 /* test_of_Cup.cpp in Sources */ = {isa = PBXBuildFile; fileRef = 41362341225460FF007668B3 /* test_of_Cup.cpp */; };
/* End PBXBuildFile section */

/* Begin PBXCopyFilesBuildPhase section */
		413623072251A66F007668B3 /* CopyFiles */ = {
			isa = PBXCopyFilesBuildPhase;
			buildActionMask = 2147483647;
			dstPath = /usr/share/man/man1/;
			dstSubfolderSpec = 0;
			files = (
			);
			runOnlyForDeploymentPostprocessing = 1;
		};
/* End PBXCopyFilesBuildPhase section */

/* Begin PBXFileReference section */
		413623092251A66F007668B3 /* cooperation_system */ = {isa = PBXFileReference; explicitFileType = "compiled.mach-o.executable"; includeInIndex = 0; path = cooperation_system; sourceTree = BUILT_PRODUCTS_DIR; };
		4136230C2251A66F007668B3 /* main.cpp */ = {isa = PBXFileReference; lastKnownFileType = sourcecode.cpp.cpp; path = main.cpp; sourceTree = "<group>"; };
		413623192251AA14007668B3 /* Hand.h */ = {isa = PBXFileReference; lastKnownFileType = sourcecode.c.h; path = Hand.h; sourceTree = "<group>"; };
		4136231A2251AA1D007668B3 /* Arm.h */ = {isa = PBXFileReference; lastKnownFileType = sourcecode.c.h; path = Arm.h; sourceTree = "<group>"; };
		4136231B2251AA2A007668B3 /* ControlSystem.h */ = {isa = PBXFileReference; lastKnownFileType = sourcecode.c.h; path = ControlSystem.h; sourceTree = "<group>"; };
		4136231C2251AA33007668B3 /* Cup.h */ = {isa = PBXFileReference; lastKnownFileType = sourcecode.c.h; path = Cup.h; sourceTree = "<group>"; };
		4136231D2251AA4D007668B3 /* Hand.cpp */ = {isa = PBXFileReference; lastKnownFileType = sourcecode.cpp.cpp; path = Hand.cpp; sourceTree = "<group>"; };
		413623222251AA86007668B3 /* ControlSystem.cpp */ = {isa = PBXFileReference; lastKnownFileType = sourcecode.cpp.cpp; path = ControlSystem.cpp; sourceTree = "<group>"; };
		413623242251AADA007668B3 /* Arm.cpp */ = {isa = PBXFileReference; lastKnownFileType = sourcecode.cpp.cpp; path = Arm.cpp; sourceTree = "<group>"; };
		413623262251AD57007668B3 /* Config.h */ = {isa = PBXFileReference; lastKnownFileType = sourcecode.c.h; path = Config.h; sourceTree = "<group>"; };
		413623272251AFD5007668B3 /* keypoint.h */ = {isa = PBXFileReference; lastKnownFileType = sourcecode.c.h; path = keypoint.h; sourceTree = "<group>"; };
		4136233022533432007668B3 /* TcpServer.cpp */ = {isa = PBXFileReference; lastKnownFileType = sourcecode.cpp.cpp; path = TcpServer.cpp; sourceTree = "<group>"; };
		413623322253347F007668B3 /* TcpClient.cpp */ = {isa = PBXFileReference; lastKnownFileType = sourcecode.cpp.cpp; path = TcpClient.cpp; sourceTree = "<group>"; };
		4136233522533510007668B3 /* test_of_HandArm_tcp_client.cpp */ = {isa = PBXFileReference; lastKnownFileType = sourcecode.cpp.cpp; path = test_of_HandArm_tcp_client.cpp; sourceTree = "<group>"; };
		4136233922534770007668B3 /* test_of_eigen.cpp */ = {isa = PBXFileReference; lastKnownFileType = sourcecode.cpp.cpp; path = test_of_eigen.cpp; sourceTree = "<group>"; };
		4136233B225449B9007668B3 /* test_of_eigen_geo.cpp */ = {isa = PBXFileReference; lastKnownFileType = sourcecode.cpp.cpp; path = test_of_eigen_geo.cpp; sourceTree = "<group>"; };
		4136233D225455B8007668B3 /* Cup.cpp */ = {isa = PBXFileReference; lastKnownFileType = sourcecode.cpp.cpp; path = Cup.cpp; sourceTree = "<group>"; };
		4136233F22545822007668B3 /* test.cpp */ = {isa = PBXFileReference; lastKnownFileType = sourcecode.cpp.cpp; path = test.cpp; sourceTree = "<group>"; };
		41362341225460FF007668B3 /* test_of_Cup.cpp */ = {isa = PBXFileReference; lastKnownFileType = sourcecode.cpp.cpp; path = test_of_Cup.cpp; sourceTree = "<group>"; };
/* End PBXFileReference section */

/* Begin PBXFrameworksBuildPhase section */
		413623062251A66F007668B3 /* Frameworks */ = {
			isa = PBXFrameworksBuildPhase;
			buildActionMask = 2147483647;
			files = (
			);
			runOnlyForDeploymentPostprocessing = 0;
		};
/* End PBXFrameworksBuildPhase section */

/* Begin PBXGroup section */
		413623002251A66F007668B3 = {
			isa = PBXGroup;
			children = (
				4136230B2251A66F007668B3 /* cooperation_system */,
				4136230A2251A66F007668B3 /* Products */,
			);
			sourceTree = "<group>";
		};
		4136230A2251A66F007668B3 /* Products */ = {
			isa = PBXGroup;
			children = (
				413623092251A66F007668B3 /* cooperation_system */,
			);
			name = Products;
			sourceTree = "<group>";
		};
		4136230B2251A66F007668B3 /* cooperation_system */ = {
			isa = PBXGroup;
			children = (
				41362334225334BA007668B3 /* test */,
				4136232F22533419007668B3 /* TcpServerClient */,
				413623152251A698007668B3 /* obj */,
				413623132251A680007668B3 /* src */,
				4136230C2251A66F007668B3 /* main.cpp */,
			);
			path = cooperation_system;
			sourceTree = "<group>";
		};
		413623132251A680007668B3 /* src */ = {
			isa = PBXGroup;
			children = (
				413623192251AA14007668B3 /* Hand.h */,
				4136231D2251AA4D007668B3 /* Hand.cpp */,
				4136231A2251AA1D007668B3 /* Arm.h */,
				413623242251AADA007668B3 /* Arm.cpp */,
				4136231B2251AA2A007668B3 /* ControlSystem.h */,
				413623222251AA86007668B3 /* ControlSystem.cpp */,
				413623262251AD57007668B3 /* Config.h */,
				413623272251AFD5007668B3 /* keypoint.h */,
			);
			path = src;
			sourceTree = "<group>";
		};
		413623152251A698007668B3 /* obj */ = {
			isa = PBXGroup;
			children = (
				4136231C2251AA33007668B3 /* Cup.h */,
				4136233D225455B8007668B3 /* Cup.cpp */,
			);
			path = obj;
			sourceTree = "<group>";
		};
		4136232F22533419007668B3 /* TcpServerClient */ = {
			isa = PBXGroup;
			children = (
				4136233022533432007668B3 /* TcpServer.cpp */,
				413623322253347F007668B3 /* TcpClient.cpp */,
			);
			path = TcpServerClient;
			sourceTree = "<group>";
		};
		41362334225334BA007668B3 /* test */ = {
			isa = PBXGroup;
			children = (
				4136233522533510007668B3 /* test_of_HandArm_tcp_client.cpp */,
				4136233922534770007668B3 /* test_of_eigen.cpp */,
				4136233B225449B9007668B3 /* test_of_eigen_geo.cpp */,
				4136233F22545822007668B3 /* test.cpp */,
				41362341225460FF007668B3 /* test_of_Cup.cpp */,
			);
			path = test;
			sourceTree = "<group>";
		};
/* End PBXGroup section */

/* Begin PBXNativeTarget section */
		413623082251A66F007668B3 /* cooperation_system */ = {
			isa = PBXNativeTarget;
			buildConfigurationList = 413623102251A66F007668B3 /* Build configuration list for PBXNativeTarget "cooperation_system" */;
			buildPhases = (
				413623052251A66F007668B3 /* Sources */,
				413623062251A66F007668B3 /* Frameworks */,
				413623072251A66F007668B3 /* CopyFiles */,
			);
			buildRules = (
			);
			dependencies = (
			);
			name = cooperation_system;
			productName = cooperation_system;
			productReference = 413623092251A66F007668B3 /* cooperation_system */;
			productType = "com.apple.product-type.tool";
		};
/* End PBXNativeTarget section */

/* Begin PBXProject section */
		413623012251A66F007668B3 /* Project object */ = {
			isa = PBXProject;
			attributes = {
				LastUpgradeCheck = 1010;
				ORGANIZATIONNAME = "兆吉 王";
				TargetAttributes = {
					413623082251A66F007668B3 = {
						CreatedOnToolsVersion = 10.1;
					};
				};
			};
			buildConfigurationList = 413623042251A66F007668B3 /* Build configuration list for PBXProject "cooperation_system" */;
			compatibilityVersion = "Xcode 9.3";
			developmentRegion = en;
			hasScannedForEncodings = 0;
			knownRegions = (
				en,
			);
			mainGroup = 413623002251A66F007668B3;
			productRefGroup = 4136230A2251A66F007668B3 /* Products */;
			projectDirPath = "";
			projectRoot = "";
			targets = (
				413623082251A66F007668B3 /* cooperation_system */,
			);
		};
/* End PBXProject section */

/* Begin PBXSourcesBuildPhase section */
		413623052251A66F007668B3 /* Sources */ = {
			isa = PBXSourcesBuildPhase;
			buildActionMask = 2147483647;
			files = (
				413623602254AE50007668B3 /* test_of_Cup.cpp in Sources */,
				413623592254AE4A007668B3 /* Hand.h in Sources */,
				4136235A2254AE4A007668B3 /* Hand.cpp in Sources */,
				4136235B2254AE4A007668B3 /* Arm.h in Sources */,
				4136235C2254AE4A007668B3 /* Arm.cpp in Sources */,
				4136235D2254AE4A007668B3 /* ControlSystem.h in Sources */,
				4136235E2254AE4A007668B3 /* ControlSystem.cpp in Sources */,
				4136235F2254AE4A007668B3 /* keypoint.h in Sources */,
				413623582254AE38007668B3 /* Config.h in Sources */,
				413623542254AD6D007668B3 /* Cup.h in Sources */,
				413623552254AD6D007668B3 /* Cup.cpp in Sources */,
			);
			runOnlyForDeploymentPostprocessing = 0;
		};
/* End PBXSourcesBuildPhase section */

/* Begin XCBuildConfiguration section */
		4136230E2251A66F007668B3 /* Debug */ = {
			isa = XCBuildConfiguration;
			buildSettings = {
				ALWAYS_SEARCH_USER_PATHS = NO;
				CLANG_ANALYZER_NONNULL = YES;
				CLANG_ANALYZER_NUMBER_OBJECT_CONVERSION = YES_AGGRESSIVE;
				CLANG_CXX_LANGUAGE_STANDARD = "gnu++14";
				CLANG_CXX_LIBRARY = "libc++";
				CLANG_ENABLE_MODULES = YES;
				CLANG_ENABLE_OBJC_ARC = YES;
				CLANG_ENABLE_OBJC_WEAK = YES;
				CLANG_WARN_BLOCK_CAPTURE_AUTORELEASING = YES;
				CLANG_WARN_BOOL_CONVERSION = YES;
				CLANG_WARN_COMMA = YES;
				CLANG_WARN_CONSTANT_CONVERSION = YES;
				CLANG_WARN_DEPRECATED_OBJC_IMPLEMENTATIONS = YES;
				CLANG_WARN_DIRECT_OBJC_ISA_USAGE = YES_ERROR;
				CLANG_WARN_DOCUMENTATION_COMMENTS = YES;
				CLANG_WARN_EMPTY_BODY = YES;
				CLANG_WARN_ENUM_CONVERSION = YES;
				CLANG_WARN_INFINITE_RECURSION = YES;
				CLANG_WARN_INT_CONVERSION = YES;
				CLANG_WARN_NON_LITERAL_NULL_CONVERSION = YES;
				CLANG_WARN_OBJC_IMPLICIT_RETAIN_SELF = YES;
				CLANG_WARN_OBJC_LITERAL_CONVERSION = YES;
				CLANG_WARN_OBJC_ROOT_CLASS = YES_ERROR;
				CLANG_WARN_RANGE_LOOP_ANALYSIS = YES;
				CLANG_WARN_STRICT_PROTOTYPES = YES;
				CLANG_WARN_SUSPICIOUS_MOVE = YES;
				CLANG_WARN_UNGUARDED_AVAILABILITY = YES_AGGRESSIVE;
				CLANG_WARN_UNREACHABLE_CODE = YES;
				CLANG_WARN__DUPLICATE_METHOD_MATCH = YES;
				CODE_SIGN_IDENTITY = "-";
				COPY_PHASE_STRIP = NO;
				DEBUG_INFORMATION_FORMAT = dwarf;
				ENABLE_STRICT_OBJC_MSGSEND = YES;
				ENABLE_TESTABILITY = YES;
				GCC_C_LANGUAGE_STANDARD = gnu11;
				GCC_DYNAMIC_NO_PIC = NO;
				GCC_NO_COMMON_BLOCKS = YES;
				GCC_OPTIMIZATION_LEVEL = 0;
				GCC_PREPROCESSOR_DEFINITIONS = (
					"DEBUG=1",
					"$(inherited)",
				);
				GCC_WARN_64_TO_32_BIT_CONVERSION = YES;
				GCC_WARN_ABOUT_RETURN_TYPE = YES_ERROR;
				GCC_WARN_UNDECLARED_SELECTOR = YES;
				GCC_WARN_UNINITIALIZED_AUTOS = YES_AGGRESSIVE;
				GCC_WARN_UNUSED_FUNCTION = YES;
				GCC_WARN_UNUSED_VARIABLE = YES;
				MACOSX_DEPLOYMENT_TARGET = 10.14;
				MTL_ENABLE_DEBUG_INFO = INCLUDE_SOURCE;
				MTL_FAST_MATH = YES;
				ONLY_ACTIVE_ARCH = YES;
				SDKROOT = macosx;
			};
			name = Debug;
		};
		4136230F2251A66F007668B3 /* Release */ = {
			isa = XCBuildConfiguration;
			buildSettings = {
				ALWAYS_SEARCH_USER_PATHS = NO;
				CLANG_ANALYZER_NONNULL = YES;
				CLANG_ANALYZER_NUMBER_OBJECT_CONVERSION = YES_AGGRESSIVE;
				CLANG_CXX_LANGUAGE_STANDARD = "gnu++14";
				CLANG_CXX_LIBRARY = "libc++";
				CLANG_ENABLE_MODULES = YES;
				CLANG_ENABLE_OBJC_ARC = YES;
				CLANG_ENABLE_OBJC_WEAK = YES;
				CLANG_WARN_BLOCK_CAPTURE_AUTORELEASING = YES;
				CLANG_WARN_BOOL_CONVERSION = YES;
				CLANG_WARN_COMMA = YES;
				CLANG_WARN_CONSTANT_CONVERSION = YES;
				CLANG_WARN_DEPRECATED_OBJC_IMPLEMENTATIONS = YES;
				CLANG_WARN_DIRECT_OBJC_ISA_USAGE = YES_ERROR;
				CLANG_WARN_DOCUMENTATION_COMMENTS = YES;
				CLANG_WARN_EMPTY_BODY = YES;
				CLANG_WARN_ENUM_CONVERSION = YES;
				CLANG_WARN_INFINITE_RECURSION = YES;
				CLANG_WARN_INT_CONVERSION = YES;
				CLANG_WARN_NON_LITERAL_NULL_CONVERSION = YES;
				CLANG_WARN_OBJC_IMPLICIT_RETAIN_SELF = YES;
				CLANG_WARN_OBJC_LITERAL_CONVERSION = YES;
				CLANG_WARN_OBJC_ROOT_CLASS = YES_ERROR;
				CLANG_WARN_RANGE_LOOP_ANALYSIS = YES;
				CLANG_WARN_STRICT_PROTOTYPES = YES;
				CLANG_WARN_SUSPICIOUS_MOVE = YES;
				CLANG_WARN_UNGUARDED_AVAILABILITY = YES_AGGRESSIVE;
				CLANG_WARN_UNREACHABLE_CODE = YES;
				CLANG_WARN__DUPLICATE_METHOD_MATCH = YES;
				CODE_SIGN_IDENTITY = "-";
				COPY_PHASE_STRIP = NO;
				DEBUG_INFORMATION_FORMAT = "dwarf-with-dsym";
				ENABLE_NS_ASSERTIONS = NO;
				ENABLE_STRICT_OBJC_MSGSEND = YES;
				GCC_C_LANGUAGE_STANDARD = gnu11;
				GCC_NO_COMMON_BLOCKS = YES;
				GCC_WARN_64_TO_32_BIT_CONVERSION = YES;
				GCC_WARN_ABOUT_RETURN_TYPE = YES_ERROR;
				GCC_WARN_UNDECLARED_SELECTOR = YES;
				GCC_WARN_UNINITIALIZED_AUTOS = YES_AGGRESSIVE;
				GCC_WARN_UNUSED_FUNCTION = YES;
				GCC_WARN_UNUSED_VARIABLE = YES;
				MACOSX_DEPLOYMENT_TARGET = 10.14;
				MTL_ENABLE_DEBUG_INFO = NO;
				MTL_FAST_MATH = YES;
				SDKROOT = macosx;
			};
			name = Release;
		};
		413623112251A66F007668B3 /* Debug */ = {
			isa = XCBuildConfiguration;
			buildSettings = {
				CODE_SIGN_STYLE = Automatic;
				HEADER_SEARCH_PATHS = /usr/local/Cellar/eigen/3.3.5/include/eigen3;
				PRODUCT_NAME = "$(TARGET_NAME)";
			};
			name = Debug;
		};
		413623122251A66F007668B3 /* Release */ = {
			isa = XCBuildConfiguration;
			buildSettings = {
				CODE_SIGN_STYLE = Automatic;
				HEADER_SEARCH_PATHS = /usr/local/Cellar/eigen/3.3.5/include/eigen3;
				PRODUCT_NAME = "$(TARGET_NAME)";
			};
			name = Release;
		};
/* End XCBuildConfiguration section */

/* Begin XCConfigurationList section */
		413623042251A66F007668B3 /* Build configuration list for PBXProject "cooperation_system" */ = {
			isa = XCConfigurationList;
			buildConfigurations = (
				4136230E2251A66F007668B3 /* Debug */,
				4136230F2251A66F007668B3 /* Release */,
			);
			defaultConfigurationIsVisible = 0;
			defaultConfigurationName = Release;
		};
		413623102251A66F007668B3 /* Build configuration list for PBXNativeTarget "cooperation_system" */ = {
			isa = XCConfigurationList;
			buildConfigurations = (
				413623112251A66F007668B3 /* Debug */,
				413623122251A66F007668B3 /* Release */,
			);
			defaultConfigurationIsVisible = 0;
			defaultConfigurationName = Release;
		};
/* End XCConfigurationList section */
	};
	rootObject = 413623012251A66F007668B3 /* Project object */;
}
